dependencies:
- name: backstage
  repository: https://redhat-developer.github.io/rhdh-chart/
  version: 6.1.1
- name: okp
  repository: https://redhat-ai-dev.github.io/okp-chart
  version: 0.1.0
digest: sha256:2931c274c5b44b892eda63f0c0f6d36388fd510e2f1fe6cb8af6154ab3e39708
generated: "2026-07-27T17:28:49.872722-04:00"
